
Microsoft Visual Studio Solution File, Format Version 12.00
# Visual Studio 14
VisualStudioVersion = 14.0.25420.1
MinimumVisualStudioVersion = 10.0.40219.1
Project("{A07B5EB6-E848-4116-A8D0-A826331D98C6}") = "FabricDemo", "FabricDemo\FabricDemo.sfproj", "{6AF44AA7-3508-4F73-9FCF-0A15BD0CE09C}"
EndProject
Project("{FAE04EC0-301F-11D3-BF4B-00C04F79EFBC}") = "WebApiTime", "WebApiTime\WebApiTime.csproj", "{EBC3A189-3768-4137-923B-C7EF3F68F0D0}"
EndProject
Project("{FAE04EC0-301F-11D3-BF4B-00C04F79EFBC}") = "WebApiDice", "WebApiDice\WebApiDice.csproj", "{164FF0CC-1A18-436A-89EA-39FF184580D6}"
EndProject
Project("{FAE04EC0-301F-11D3-BF4B-00C04F79EFBC}") = "DiceRollHistory", "DiceRollHistory\DiceRollHistory.csproj", "{7DB97975-37A1-46BA-84AB-ACCC1DB63E99}"
EndProject
Global
	GlobalSection(SolutionConfigurationPlatforms) = preSolution
		Debug|x64 = Debug|x64
		Release|x64 = Release|x64
	EndGlobalSection
	GlobalSection(ProjectConfigurationPlatforms) = postSolution
		{6AF44AA7-3508-4F73-9FCF-0A15BD0CE09C}.Debug|x64.ActiveCfg = Debug|x64
		{6AF44AA7-3508-4F73-9FCF-0A15BD0CE09C}.Debug|x64.Build.0 = Debug|x64
		{6AF44AA7-3508-4F73-9FCF-0A15BD0CE09C}.Debug|x64.Deploy.0 = Debug|x64
		{6AF44AA7-3508-4F73-9FCF-0A15BD0CE09C}.Release|x64.ActiveCfg = Release|x64
		{6AF44AA7-3508-4F73-9FCF-0A15BD0CE09C}.Release|x64.Build.0 = Release|x64
		{6AF44AA7-3508-4F73-9FCF-0A15BD0CE09C}.Release|x64.Deploy.0 = Release|x64
		{EBC3A189-3768-4137-923B-C7EF3F68F0D0}.Debug|x64.ActiveCfg = Debug|x64
		{EBC3A189-3768-4137-923B-C7EF3F68F0D0}.Debug|x64.Build.0 = Debug|x64
		{EBC3A189-3768-4137-923B-C7EF3F68F0D0}.Release|x64.ActiveCfg = Release|x64
		{EBC3A189-3768-4137-923B-C7EF3F68F0D0}.Release|x64.Build.0 = Release|x64
		{164FF0CC-1A18-436A-89EA-39FF184580D6}.Debug|x64.ActiveCfg = Debug|x64
		{164FF0CC-1A18-436A-89EA-39FF184580D6}.Debug|x64.Build.0 = Debug|x64
		{164FF0CC-1A18-436A-89EA-39FF184580D6}.Release|x64.ActiveCfg = Release|x64
		{164FF0CC-1A18-436A-89EA-39FF184580D6}.Release|x64.Build.0 = Release|x64
		{7DB97975-37A1-46BA-84AB-ACCC1DB63E99}.Debug|x64.ActiveCfg = Debug|x64
		{7DB97975-37A1-46BA-84AB-ACCC1DB63E99}.Debug|x64.Build.0 = Debug|x64
		{7DB97975-37A1-46BA-84AB-ACCC1DB63E99}.Release|x64.ActiveCfg = Release|x64
		{7DB97975-37A1-46BA-84AB-ACCC1DB63E99}.Release|x64.Build.0 = Release|x64
	EndGlobalSection
	GlobalSection(SolutionProperties) = preSolution
		HideSolutionNode = FALSE
	EndGlobalSection
EndGlobal
